
Microsoft Visual Studio Solution File, Format Version 12.00
# Visual Studio 15
VisualStudioVersion = 15.0.28010.2046
MinimumVisualStudioVersion = 10.0.40219.1
Project("{E24C65DC-7377-472B-9ABA-BC803B73C61A}") = "Universistema", "Universistema\", "{4FAF7405-E0BD-410C-AE3C-0F2DA728CA97}"
	ProjectSection(WebsiteProperties) = preProject
		TargetFrameworkMoniker = ".NETFramework,Version%3Dv4.6.1"
		Debug.AspNetCompiler.VirtualPath = "/localhost_61071"
		Debug.AspNetCompiler.PhysicalPath = "Universistema\"
		Debug.AspNetCompiler.TargetPath = "PrecompiledWeb\localhost_61071\"
		Debug.AspNetCompiler.Updateable = "true"
		Debug.AspNetCompiler.ForceOverwrite = "true"
		Debug.AspNetCompiler.FixedNames = "false"
		Debug.AspNetCompiler.Debug = "True"
		Release.AspNetCompiler.VirtualPath = "/localhost_61071"
		Release.AspNetCompiler.PhysicalPath = "Universistema\"
		Release.AspNetCompiler.TargetPath = "PrecompiledWeb\localhost_61071\"
		Release.AspNetCompiler.Updateable = "true"
		Release.AspNetCompiler.ForceOverwrite = "true"
		Release.AspNetCompiler.FixedNames = "false"
		Release.AspNetCompiler.Debug = "False"
		VWDPort = "61071"
		SlnRelativePath = "Universistema\"
		DefaultWebSiteLanguage = "Visual C#"
	EndProjectSection
EndProject
Global
	GlobalSection(SolutionConfigurationPlatforms) = preSolution
		Debug|Any CPU = Debug|Any CPU
	EndGlobalSection
	GlobalSection(ProjectConfigurationPlatforms) = postSolution
		{4FAF7405-E0BD-410C-AE3C-0F2DA728CA97}.Debug|Any CPU.ActiveCfg = Debug|Any CPU
		{4FAF7405-E0BD-410C-AE3C-0F2DA728CA97}.Debug|Any CPU.Build.0 = Debug|Any CPU
	EndGlobalSection
	GlobalSection(SolutionProperties) = preSolution
		HideSolutionNode = FALSE
	EndGlobalSection
	GlobalSection(ExtensibilityGlobals) = postSolution
		SolutionGuid = {AFB4BA49-CBFE-4D7F-9BC3-9C4A27252B26}
	EndGlobalSection
EndGlobal
